
Microsoft Visual Studio Solution File, Format Version 12.00
# Visual Studio 15
VisualStudioVersion = 15.0.26403.7
MinimumVisualStudioVersion = 10.0.40219.1
Project("{FAE04EC0-301F-11D3-BF4B-00C04F79EFBC}") = "PrintContract", "PrintContract\PrintContract.csproj", "{62FF5EC3-6549-4BFE-B973-90B434ACD207}"
EndProject
Project("{FAE04EC0-301F-11D3-BF4B-00C04F79EFBC}") = "PrintService", "PrintService\PrintService.csproj", "{8B4AEE1B-BE93-4E7F-8043-AED7E844CAB3}"
EndProject
Project("{FAE04EC0-301F-11D3-BF4B-00C04F79EFBC}") = "PrintHosting", "PrintHosting\PrintHosting.csproj", "{2FCD5F6A-F263-421E-8423-267E0D6D2C73}"
EndProject
Global
	GlobalSection(SolutionConfigurationPlatforms) = preSolution
		Debug|Any CPU = Debug|Any CPU
		Release|Any CPU = Release|Any CPU
	EndGlobalSection
	GlobalSection(ProjectConfigurationPlatforms) = postSolution
		{62FF5EC3-6549-4BFE-B973-90B434ACD207}.Debug|Any CPU.ActiveCfg = Debug|Any CPU
		{62FF5EC3-6549-4BFE-B973-90B434ACD207}.Debug|Any CPU.Build.0 = Debug|Any CPU
		{62FF5EC3-6549-4BFE-B973-90B434ACD207}.Release|Any CPU.ActiveCfg = Release|Any CPU
		{62FF5EC3-6549-4BFE-B973-90B434ACD207}.Release|Any CPU.Build.0 = Release|Any CPU
		{8B4AEE1B-BE93-4E7F-8043-AED7E844CAB3}.Debug|Any CPU.ActiveCfg = Debug|Any CPU
		{8B4AEE1B-BE93-4E7F-8043-AED7E844CAB3}.Debug|Any CPU.Build.0 = Debug|Any CPU
		{8B4AEE1B-BE93-4E7F-8043-AED7E844CAB3}.Release|Any CPU.ActiveCfg = Release|Any CPU
		{8B4AEE1B-BE93-4E7F-8043-AED7E844CAB3}.Release|Any CPU.Build.0 = Release|Any CPU
		{2FCD5F6A-F263-421E-8423-267E0D6D2C73}.Debug|Any CPU.ActiveCfg = Debug|Any CPU
		{2FCD5F6A-F263-421E-8423-267E0D6D2C73}.Debug|Any CPU.Build.0 = Debug|Any CPU
		{2FCD5F6A-F263-421E-8423-267E0D6D2C73}.Release|Any CPU.ActiveCfg = Release|Any CPU
		{2FCD5F6A-F263-421E-8423-267E0D6D2C73}.Release|Any CPU.Build.0 = Release|Any CPU
	EndGlobalSection
	GlobalSection(SolutionProperties) = preSolution
		HideSolutionNode = FALSE
	EndGlobalSection
EndGlobal
